
Microsoft Visual Studio Solution File, Format Version 12.00
# Visual Studio 15
VisualStudioVersion = 15.0.28307.489
MinimumVisualStudioVersion = 10.0.40219.1
Project("{8BC9CEB8-8B4A-11D0-8D11-00A0C91BC942}") = "4월14일", "4월14일\4월14일.vcxproj", "{7667AB85-1538-43C4-8204-04D2A9CF21BA}"
EndProject
Global
	GlobalSection(SolutionConfigurationPlatforms) = preSolution
		Debug|x64 = Debug|x64
		Debug|x86 = Debug|x86
		Release|x64 = Release|x64
		Release|x86 = Release|x86
	EndGlobalSection
	GlobalSection(ProjectConfigurationPlatforms) = postSolution
		{7667AB85-1538-43C4-8204-04D2A9CF21BA}.Debug|x64.ActiveCfg = Debug|x64
		{7667AB85-1538-43C4-8204-04D2A9CF21BA}.Debug|x64.Build.0 = Debug|x64
		{7667AB85-1538-43C4-8204-04D2A9CF21BA}.Debug|x86.ActiveCfg = Debug|Win32
		{7667AB85-1538-43C4-8204-04D2A9CF21BA}.Debug|x86.Build.0 = Debug|Win32
		{7667AB85-1538-43C4-8204-04D2A9CF21BA}.Release|x64.ActiveCfg = Release|x64
		{7667AB85-1538-43C4-8204-04D2A9CF21BA}.Release|x64.Build.0 = Release|x64
		{7667AB85-1538-43C4-8204-04D2A9CF21BA}.Release|x86.ActiveCfg = Release|Win32
		{7667AB85-1538-43C4-8204-04D2A9CF21BA}.Release|x86.Build.0 = Release|Win32
	EndGlobalSection
	GlobalSection(SolutionProperties) = preSolution
		HideSolutionNode = FALSE
	EndGlobalSection
	GlobalSection(ExtensibilityGlobals) = postSolution
		SolutionGuid = {D78650A5-CF88-4208-830F-16A4C9D03845}
	EndGlobalSection
EndGlobal
